
Microsoft Visual Studio Solution File, Format Version 12.00
# Visual Studio Version 16
VisualStudioVersion = 16.0.29926.136
MinimumVisualStudioVersion = 10.0.40219.1
Project("{FAE04EC0-301F-11D3-BF4B-00C04F79EFBC}") = "SistemaDeFacturacion", "SistemaDeFacturacion.csproj", "{92DA5DB3-2249-44F9-8381-8A07058DF4F2}"
EndProject
Global
	GlobalSection(SolutionConfigurationPlatforms) = preSolution
		Debug|Any CPU = Debug|Any CPU
		Release|Any CPU = Release|Any CPU
	EndGlobalSection
	GlobalSection(ProjectConfigurationPlatforms) = postSolution
		{92DA5DB3-2249-44F9-8381-8A07058DF4F2}.Debug|Any CPU.ActiveCfg = Debug|Any CPU
		{92DA5DB3-2249-44F9-8381-8A07058DF4F2}.Debug|Any CPU.Build.0 = Debug|Any CPU
		{92DA5DB3-2249-44F9-8381-8A07058DF4F2}.Release|Any CPU.ActiveCfg = Release|Any CPU
		{92DA5DB3-2249-44F9-8381-8A07058DF4F2}.Release|Any CPU.Build.0 = Release|Any CPU
	EndGlobalSection
	GlobalSection(SolutionProperties) = preSolution
		HideSolutionNode = FALSE
	EndGlobalSection
	GlobalSection(ExtensibilityGlobals) = postSolution
		SolutionGuid = {F0C919B8-39F4-4CEB-B4A1-FD4312B099AE}
	EndGlobalSection
EndGlobal
